{
  "nodes": {
    "home-manager": {
      "inputs": {
        "nixpkgs": [
          "nixpkgs"
        ]
      },
      "locked": {
        "lastModified": 1716729592,
        "narHash": "sha256-Y3bOjoh2cFBqZN0Jw1zUdyr7tjygyxl2bD/QY73GZP0=",
        "owner": "nix-community",
        "repo": "home-manager",
        "rev": "2c78a57c544dd19b07442350727ced097e1aa6e6",
        "type": "github"
      },
      "original": {
        "owner": "nix-community",
        "ref": "release-23.11",
        "repo": "home-manager",
        "type": "github"
      }
    },
    "latex-config": {
      "inputs": {
        "nixpkgs": "nixpkgs"
      },
      "locked": {
        "lastModified": 1,
        "narHash": "sha256-ycHjX98lpP74is6wwdoc6Qu2EsKhlA2o8/tlPdcDcOo=",
        "path": "./nixconfig/latex",
        "type": "path"
      },
      "original": {
        "path": "./nixconfig/latex",
        "type": "path"
      }
    },
    "musnix": {
      "inputs": {
        "nixpkgs": [
          "nixpkgs-unstable"
        ]
      },
      "locked": {
        "lastModified": 1716767591,
        "narHash": "sha256-e7mG0KhSnMkdgIGPKw6Bs2B6D44B/GB6Zo0NgxFxJTc=",
        "owner": "musnix",
        "repo": "musnix",
        "rev": "65f1b5863ff6157d4870ed177e8ccd82e21127ad",
        "type": "github"
      },
      "original": {
        "owner": "musnix",
        "repo": "musnix",
        "type": "github"
      }
    },
    "neovim-config": {
      "inputs": {
        "nixpkgs": [
          "nixpkgs-unstable"
        ],
        "plugin-lua-utils": "plugin-lua-utils",
        "plugin-neorg": "plugin-neorg",
        "plugin-nvim-nio": "plugin-nvim-nio",
        "plugin-pathlib": "plugin-pathlib"
      },
      "locked": {
        "lastModified": 1,
        "narHash": "sha256-cqFqb2ag/J0192yq0SHjk1hMa/2Eh6tNjGoFq6P7ocs=",
        "path": "./nixconfig/neovim",
        "type": "path"
      },
      "original": {
        "path": "./nixconfig/neovim",
        "type": "path"
      }
    },
    "nixlib": {
      "locked": {
        "lastModified": 1712450863,
        "narHash": "sha256-K6IkdtMtq9xktmYPj0uaYc8NsIqHuaAoRBaMgu9Fvrw=",
        "owner": "nix-community",
        "repo": "nixpkgs.lib",
        "rev": "3c62b6a12571c9a7f65ab037173ee153d539905f",
        "type": "github"
      },
      "original": {
        "owner": "nix-community",
        "repo": "nixpkgs.lib",
        "type": "github"
      }
    },
    "nixos-generators": {
      "inputs": {
        "nixlib": "nixlib",
        "nixpkgs": [
          "nixpkgs"
        ]
      },
      "locked": {
        "lastModified": 1716210724,
        "narHash": "sha256-iqQa3omRcHGpWb1ds75jS9ruA5R39FTmAkeR3J+ve1w=",
        "owner": "nix-community",
        "repo": "nixos-generators",
        "rev": "d14b286322c7f4f897ca4b1726ce38cb68596c94",
        "type": "github"
      },
      "original": {
        "owner": "nix-community",
        "repo": "nixos-generators",
        "type": "github"
      }
    },
    "nixpkgs": {
      "locked": {
        "lastModified": 1716509168,
        "narHash": "sha256-4zSIhSRRIoEBwjbPm3YiGtbd8HDWzFxJjw5DYSDy1n8=",
        "owner": "nixos",
        "repo": "nixpkgs",
        "rev": "bfb7a882678e518398ce9a31a881538679f6f092",
        "type": "github"
      },
      "original": {
        "owner": "nixos",
        "ref": "nixos-unstable",
        "repo": "nixpkgs",
        "type": "github"
      }
    },
    "nixpkgs-unstable": {
      "locked": {
        "lastModified": 1716509168,
        "narHash": "sha256-4zSIhSRRIoEBwjbPm3YiGtbd8HDWzFxJjw5DYSDy1n8=",
        "owner": "nixos",
        "repo": "nixpkgs",
        "rev": "bfb7a882678e518398ce9a31a881538679f6f092",
        "type": "github"
      },
      "original": {
        "owner": "nixos",
        "ref": "nixos-unstable",
        "repo": "nixpkgs",
        "type": "github"
      }
    },
    "nixpkgs_2": {
      "locked": {
        "lastModified": 1716633019,
        "narHash": "sha256-xim1b5/HZYbWaZKyI7cn9TJCM6ewNVZnesRr00mXeS4=",
        "owner": "nixos",
        "repo": "nixpkgs",
        "rev": "9d29cd266cebf80234c98dd0b87256b6be0af44e",
        "type": "github"
      },
      "original": {
        "owner": "nixos",
        "ref": "nixos-23.11",
        "repo": "nixpkgs",
        "type": "github"
      }
    },
    "plugin-lua-utils": {
      "flake": false,
      "locked": {
        "lastModified": 1708177208,
        "narHash": "sha256-9ildzQEMkXKZ3LHq+khGFgRQFxlIXQclQ7QU3fcU1C4=",
        "owner": "nvim-neorg",
        "repo": "lua-utils.nvim",
        "rev": "e565749421f4bbb5d2e85e37c3cef9d56553d8bd",
        "type": "github"
      },
      "original": {
        "owner": "nvim-neorg",
        "repo": "lua-utils.nvim",
        "type": "github"
      }
    },
    "plugin-neorg": {
      "flake": false,
      "locked": {
        "lastModified": 1716842356,
        "narHash": "sha256-gaWsNJVZM7ZsYWr8b5b+okUaP+HoDKvBBf16O20oxQ0=",
        "owner": "nvim-neorg",
        "repo": "neorg",
        "rev": "aa47d93cc71e540b400a9718bff1e6af3b1db8c9",
        "type": "github"
      },
      "original": {
        "owner": "nvim-neorg",
        "repo": "neorg",
        "type": "github"
      }
    },
    "plugin-nvim-nio": {
      "flake": false,
      "locked": {
        "lastModified": 1716391538,
        "narHash": "sha256-UffuTu7mF96LHk0MQRNrsgDyo1QWa/1i5eJKjZkuG8k=",
        "owner": "nvim-neotest",
        "repo": "nvim-nio",
        "rev": "632024157d01e8bc48fd7df6a7de8ffe3fdd4f3a",
        "type": "github"
      },
      "original": {
        "owner": "nvim-neotest",
        "repo": "nvim-nio",
        "type": "github"
      }
    },
    "plugin-pathlib": {
      "flake": false,
      "locked": {
        "lastModified": 1714141112,
        "narHash": "sha256-Hx7RGyVY3j4LvNWQuQI5Vq9mkq+U/ntxgDlw5VxbUII=",
        "owner": "pysan3",
        "repo": "pathlib.nvim",
        "rev": "723f9cd0d12a4bb8961cff4c2ac7edbfcf50a280",
        "type": "github"
      },
      "original": {
        "owner": "pysan3",
        "repo": "pathlib.nvim",
        "type": "github"
      }
    },
    "root": {
      "inputs": {
        "home-manager": "home-manager",
        "latex-config": "latex-config",
        "musnix": "musnix",
        "neovim-config": "neovim-config",
        "nixos-generators": "nixos-generators",
        "nixpkgs": "nixpkgs_2",
        "nixpkgs-unstable": "nixpkgs-unstable"
      }
    }
  },
  "root": "root",
  "version": 7
}
